{
  "name": "node-monkey",
  "version": "1.0.1",
  "lockfileVersion": 1,
  "requires": true,
  "dependencies": {
    "babel-core": {
      "version": "6.25.0",
      "resolved": "https://registry.npmjs.org/babel-core/-/babel-core-6.25.0.tgz",
      "integrity": "sha1-fdQrBGPHQunVKW3rPsZ6kyLa1yk=",
      "dev": true
    },
    "babel-loader": {
      "version": "7.1.0",
      "resolved": "https://registry.npmjs.org/babel-loader/-/babel-loader-7.1.0.tgz",
      "integrity": "sha1-P78lgfCFd0vZZC3KmZDm1sFJEUQ=",
      "dev": true,
      "dependencies": {
        "find-cache-dir": {
          "version": "1.0.0",
          "resolved": "https://registry.npmjs.org/find-cache-dir/-/find-cache-dir-1.0.0.tgz",
          "integrity": "sha1-kojj6ePMN0hxfTnq3hfPcfww7m8="
        },
        "find-up": {
          "version": "2.1.0",
          "resolved": "https://registry.npmjs.org/find-up/-/find-up-2.1.0.tgz",
          "integrity": "sha1-RdG35QbHF93UgndaK3eSCjwMV6c="
        },
        "loader-utils": {
          "version": "1.1.0",
          "resolved": "https://registry.npmjs.org/loader-utils/-/loader-utils-1.1.0.tgz",
          "integrity": "sha1-yYrvSIvM7aL/teLeZG1qdUQp9c0="
        },
        "pkg-dir": {
          "version": "2.0.0",
          "resolved": "https://registry.npmjs.org/pkg-dir/-/pkg-dir-2.0.0.tgz",
          "integrity": "sha1-9tXREJ4Z1j7fQo4L1X4Sd3YVM0s="
        }
      }
    },
    "babel-plugin-transform-runtime": {
      "version": "6.23.0",
      "resolved": "https://registry.npmjs.org/babel-plugin-transform-runtime/-/babel-plugin-transform-runtime-6.23.0.tgz",
      "integrity": "sha1-iEkNRGUC6puOfvsP4J7E2ZR5se4=",
      "dev": true
    },
    "babel-polyfill": {
      "version": "6.23.0",
      "resolved": "https://registry.npmjs.org/babel-polyfill/-/babel-polyfill-6.23.0.tgz",
      "integrity": "sha1-g2TKYt+Or7gwSZ9pkXdGbDsDSZ0=",
      "dev": true
    },
    "babel-preset-es2015": {
      "version": "6.24.1",
      "resolved": "https://registry.npmjs.org/babel-preset-es2015/-/babel-preset-es2015-6.24.1.tgz",
      "integrity": "sha1-1EBQ1rwsn+6nAqrzjXJ6AhBTiTk=",
      "dev": true
    },
    "babel-preset-stage-0": {
      "version": "6.24.1",
      "resolved": "https://registry.npmjs.org/babel-preset-stage-0/-/babel-preset-stage-0-6.24.1.tgz",
      "integrity": "sha1-VkLRUEL5E4TX5a+LyIsduVsDnmo=",
      "dev": true
    },
    "babel-runtime": {
      "version": "6.23.0",
      "resolved": "https://registry.npmjs.org/babel-runtime/-/babel-runtime-6.23.0.tgz",
      "integrity": "sha1-CpSJ8UTecO+zzkMArM2zKeL8VDs="
    },
    "bunyan": {
      "version": "1.8.10",
      "resolved": "https://registry.npmjs.org/bunyan/-/bunyan-1.8.10.tgz",
      "integrity": "sha1-IB/t0mxwgLYy9BYHL1OpC5pSmBw=",
      "dev": true,
      "dependencies": {
        "dtrace-provider": {
          "version": "0.8.3",
          "resolved": "https://registry.npmjs.org/dtrace-provider/-/dtrace-provider-0.8.3.tgz",
          "integrity": "sha1-uhv8ZJMoXM/PxqtpzVxh10wqQ78="
        }
      }
    },
    "ignore-loader": {
      "version": "0.1.2",
      "resolved": "https://registry.npmjs.org/ignore-loader/-/ignore-loader-0.1.2.tgz",
      "integrity": "sha1-2B8kA3bQuk8Nd4lyw60lh0EXpGM=",
      "dev": true
    },
    "keypair": {
      "version": "1.0.1",
      "resolved": "https://registry.npmjs.org/keypair/-/keypair-1.0.1.tgz",
      "integrity": "sha1-dgNxknCvtlZO04oiCHoG/Jqk6hs="
    },
    "lodash": {
      "version": "4.17.4",
      "resolved": "https://registry.npmjs.org/lodash/-/lodash-4.17.4.tgz",
      "integrity": "sha1-eCA6TRwyiuHYbcpkYONptX9AVa4="
    },
    "minimist": {
      "version": "1.2.3",
      "resolved": "https://registry.npmjs.org/minimist/-/minimist-1.2.3.tgz",
      "integrity": "sha512-+bMdgqjMN/Z77a6NlY/I3U5LlRDbnmaAk6lDveAPKwSpcPM4tKAuYsvYF8xjhOPXhOYGe/73vVLVez5PW+jqhw=="
    },
    "nconf": {
      "version": "0.8.4",
      "resolved": "https://registry.npmjs.org/nconf/-/nconf-0.8.4.tgz",
      "integrity": "sha1-lQIjT3rWI4yrf5LXwGjCBDTT/5M=",
      "dev": true
    },
    "pty.js": {
      "version": "0.3.1",
      "resolved": "https://registry.npmjs.org/pty.js/-/pty.js-0.3.1.tgz",
      "integrity": "sha1-gfW+0zLW5eeraFaI0boDc0ENUbU="
    },
    "restify": {
      "version": "4.3.0",
      "resolved": "https://registry.npmjs.org/restify/-/restify-4.3.0.tgz",
      "integrity": "sha1-A7Z5YNHUKm2vzeO9gvuIIXOidng="
    },
    "scrypt": {
      "version": "6.0.3",
      "resolved": "https://registry.npmjs.org/scrypt/-/scrypt-6.0.3.tgz",
      "integrity": "sha1-BOAUpWgrU/pQwtXM4WfXGcBthw0="
    },
    "socket.io": {
      "version": "2.0.3",
      "resolved": "https://registry.npmjs.org/socket.io/-/socket.io-2.0.3.tgz",
      "integrity": "sha1-Q1nwaiSTOua9CHeYr3jGgOrjReM=",
      "dependencies": {
        "component-emitter": {
          "version": "1.2.1",
          "resolved": "https://registry.npmjs.org/component-emitter/-/component-emitter-1.2.1.tgz",
          "integrity": "sha1-E3kY1teCg/ffemt8WmPhQOaUJeY="
        },
        "engine.io": {
          "version": "3.1.0",
          "resolved": "https://registry.npmjs.org/engine.io/-/engine.io-3.1.0.tgz",
          "integrity": "sha1-XKQ4486f28kVxKIcjdnhJmcG5X4="
        },
        "engine.io-client": {
          "version": "3.1.1",
          "resolved": "https://registry.npmjs.org/engine.io-client/-/engine.io-client-3.1.1.tgz",
          "integrity": "sha1-QVqYUrrbFPoAj6PvHjFgjbZ2EyU="
        },
        "engine.io-parser": {
          "version": "2.1.1",
          "resolved": "https://registry.npmjs.org/engine.io-parser/-/engine.io-parser-2.1.1.tgz",
          "integrity": "sha1-4Ps/DgRi9/WLt3waUun1p+JuRmg="
        },
        "isarray": {
          "version": "2.0.1",
          "resolved": "https://registry.npmjs.org/isarray/-/isarray-2.0.1.tgz",
          "integrity": "sha1-o32U7ZzaLVmGXJ92/llu4fM4dB4="
        },
        "ms": {
          "version": "0.7.2",
          "resolved": "https://registry.npmjs.org/ms/-/ms-0.7.2.tgz",
          "integrity": "sha1-riXPJRKziFodldfwN4aNhDESR2U="
        },
        "object-assign": {
          "version": "4.1.1",
          "resolved": "https://registry.npmjs.org/object-assign/-/object-assign-4.1.1.tgz",
          "integrity": "sha1-IQmtx5ZYh8/AXLvUQsrIv7s2CGM="
        },
        "safe-buffer": {
          "version": "5.0.1",
          "resolved": "https://registry.npmjs.org/safe-buffer/-/safe-buffer-5.0.1.tgz",
          "integrity": "sha1-0mPKVGls2KMGtcplUekt5XkY++c="
        },
        "socket.io-adapter": {
          "version": "1.1.0",
          "resolved": "https://registry.npmjs.org/socket.io-adapter/-/socket.io-adapter-1.1.0.tgz",
          "integrity": "sha1-x6pGUB3VVsLLiiivj/lcC14dqkw=",
          "dependencies": {
            "debug": {
              "version": "2.3.3",
              "resolved": "https://registry.npmjs.org/debug/-/debug-2.3.3.tgz",
              "integrity": "sha1-QMRT5n5uE8kB3ewxeviYbNqe/4w="
            }
          }
        },
        "socket.io-client": {
          "version": "2.0.3",
          "resolved": "https://registry.npmjs.org/socket.io-client/-/socket.io-client-2.0.3.tgz",
          "integrity": "sha1-bK9K/5+FsZ/ZG2zhPWmttWT4hzs="
        },
        "socket.io-parser": {
          "version": "3.1.2",
          "resolved": "https://registry.npmjs.org/socket.io-parser/-/socket.io-parser-3.1.2.tgz",
          "integrity": "sha1-28IoIVH8T6675Aru3Ady66YZ9/I="
        },
        "ultron": {
          "version": "1.1.0",
          "resolved": "https://registry.npmjs.org/ultron/-/ultron-1.1.0.tgz",
          "integrity": "sha1-sHoualQagV/Go0zNRTO67DB8qGQ="
        },
        "ws": {
          "version": "2.3.1",
          "resolved": "https://registry.npmjs.org/ws/-/ws-2.3.1.tgz",
          "integrity": "sha1-a5Sz5EfLajY/eF6vlK9jWejoHIA="
        }
      }
    },
    "source-map-support": {
      "version": "0.4.15",
      "resolved": "https://registry.npmjs.org/source-map-support/-/source-map-support-0.4.15.tgz",
      "integrity": "sha1-AyAt9lwG0r2MfsI2KhkwVv7407E="
    },
    "ssh2": {
      "version": "0.5.5",
      "resolved": "https://registry.npmjs.org/ssh2/-/ssh2-0.5.5.tgz",
      "integrity": "sha1-x3gezS7OcwSiU89iD6taXCK7IjU="
    },
    "terminal-kit": {
      "version": "1.11.0",
      "resolved": "https://registry.npmjs.org/terminal-kit/-/terminal-kit-1.11.0.tgz",
      "integrity": "sha1-xynsUOkT9I6Z20B/xSJ83EiVQk4="
    },
    "webpack": {
      "version": "3.0.0",
      "resolved": "https://registry.npmjs.org/webpack/-/webpack-3.0.0.tgz",
      "integrity": "sha1-7pvOvyEkf3FTy0EBaMq0XjpZ1Nc=",
      "dev": true,
      "dependencies": {
        "ajv": {
          "version": "5.2.0",
          "resolved": "https://registry.npmjs.org/ajv/-/ajv-5.2.0.tgz",
          "integrity": "sha1-wXNQJMXaLvdcwZBxMHPUTwmL9IY="
        },
        "ajv-keywords": {
          "version": "2.1.0",
          "resolved": "https://registry.npmjs.org/ajv-keywords/-/ajv-keywords-2.1.0.tgz",
          "integrity": "sha1-opbhf3v658HOT34N5T0pyzIWLfA="
        },
        "async": {
          "version": "2.4.1",
          "resolved": "https://registry.npmjs.org/async/-/async-2.4.1.tgz",
          "integrity": "sha1-YqVrJ5yYoR0JhwlqAcw+6463u9c="
        },
        "camelcase": {
          "version": "3.0.0",
          "resolved": "https://registry.npmjs.org/camelcase/-/camelcase-3.0.0.tgz",
          "integrity": "sha1-MvxLn82vhF/N9+c7uXysImHwqwo="
        },
        "loader-utils": {
          "version": "1.1.0",
          "resolved": "https://registry.npmjs.org/loader-utils/-/loader-utils-1.1.0.tgz",
          "integrity": "sha1-yYrvSIvM7aL/teLeZG1qdUQp9c0="
        },
        "source-list-map": {
          "version": "2.0.0",
          "resolved": "https://registry.npmjs.org/source-list-map/-/source-list-map-2.0.0.tgz",
          "integrity": "sha512-I2UmuJSRr/T8jisiROLU3A3ltr+swpniSmNPI4Ml3ZCX6tVnDsuZzK7F2hl5jTqbZBWCEKlj5HRQiPExXLgE8A=="
        },
        "supports-color": {
          "version": "3.2.3",
          "resolved": "https://registry.npmjs.org/supports-color/-/supports-color-3.2.3.tgz",
          "integrity": "sha1-ZawFBLOVQXHYpklGsq48u4pfVPY="
        },
        "webpack-sources": {
          "version": "1.0.1",
          "resolved": "https://registry.npmjs.org/webpack-sources/-/webpack-sources-1.0.1.tgz",
          "integrity": "sha512-05tMxipUCwHqYaVS8xc7sYPTly8PzXayRCB4dTxLhWTqlKUiwH6ezmEe0OSreL1c30LAuA3Zqmc+uEBUGFJDjw=="
        },
        "yargs": {
          "version": "6.6.0",
          "resolved": "https://registry.npmjs.org/yargs/-/yargs-6.6.0.tgz",
          "integrity": "sha1-eC7CHvQDNF+DCoCMo9UTr1YGUgg="
        }
      }
    },
    "webpack-node-externals": {
      "version": "1.6.0",
      "resolved": "https://registry.npmjs.org/webpack-node-externals/-/webpack-node-externals-1.6.0.tgz",
      "integrity": "sha1-Iyxi7GCSsQBjWj0p2DwXRxKN+b0=",
      "dev": true
    }
  }
}
